{
    "name": "print-this",
    "version": "1.14.0",
    "lockfileVersion": 1,
    "requires": true,
    "dependencies": {
        "@types/estree": {
            "version": "0.0.39",
            "resolved": "https://registry.npmjs.org/@types/estree/-/estree-0.0.39.tgz",
            "integrity": "sha512-EYNwp3bU+98cpU4lAWYYL7Zz+2gryWH1qbdDTidVd6hkiR6weksdbMadyXKXNPEkQFhXM+hVO9ZygomHXp+AIw==",
            "dev": true
        },
        "@types/node": {
            "version": "10.9.2",
            "resolved": "https://registry.npmjs.org/@types/node/-/node-10.9.2.tgz",
            "integrity": "sha512-pwZnkVyCGJ3LsQ0/3flQK5lCFao4esIzwUVzzk5NvL9vnkEyDhNf4fhHzUMHvyr56gNZywWTS2MR0euabMSz4A==",
            "dev": true
        },
        "arr-diff": {
            "version": "2.0.0",
            "resolved": "https://registry.npmjs.org/arr-diff/-/arr-diff-2.0.0.tgz",
            "integrity": "sha1-jzuCf5Vai9ZpaX5KQlasPOrjVs8=",
            "dev": true,
            "requires": {
                "arr-flatten": "^1.0.1"
            }
        },
        "arr-flatten": {
            "version": "1.1.0",
            "resolved": "https://registry.npmjs.org/arr-flatten/-/arr-flatten-1.1.0.tgz",
            "integrity": "sha512-L3hKV5R/p5o81R7O02IGnwpDmkp6E982XhtbuwSe3O4qOtMMMtodicASA1Cny2U+aCXcNpml+m4dPsvsJ3jatg==",
            "dev": true
        },
        "array-unique": {
            "version": "0.2.1",
            "resolved": "https://registry.npmjs.org/array-unique/-/array-unique-0.2.1.tgz",
            "integrity": "sha1-odl8yvy8JiXMcPrc6zalDFiwGlM=",
            "dev": true
        },
        "braces": {
            "version": "1.8.5",
            "resolved": "https://registry.npmjs.org/braces/-/braces-1.8.5.tgz",
            "integrity": "sha1-uneWLhLf+WnWt2cR6RS3N4V79qc=",
            "dev": true,
            "requires": {
                "expand-range": "^1.8.1",
                "preserve": "^0.2.0",
                "repeat-element": "^1.1.2"
            }
        },
        "builtin-modules": {
            "version": "2.0.0",
            "resolved": "https://registry.npmjs.org/builtin-modules/-/builtin-modules-2.0.0.tgz",
            "integrity": "sha512-3U5kUA5VPsRUA3nofm/BXX7GVHKfxz0hOBAPxXrIvHzlDRkQVqEn6yi8QJegxl4LzOHLdvb7XF5dVawa/VVYBg==",
            "dev": true
        },
        "estree-walker": {
            "version": "0.5.2",
            "resolved": "https://registry.npmjs.org/estree-walker/-/estree-walker-0.5.2.tgz",
            "integrity": "sha512-XpCnW/AE10ws/kDAs37cngSkvgIR8aN3G0MS85m7dUpuK2EREo9VJ00uvw6Dg/hXEpfsE1I1TvJOJr+Z+TL+ig==",
            "dev": true
        },
        "expand-brackets": {
            "version": "0.1.5",
            "resolved": "https://registry.npmjs.org/expand-brackets/-/expand-brackets-0.1.5.tgz",
            "integrity": "sha1-3wcoTjQqgHzXM6xa9yQR5YHRF3s=",
            "dev": true,
            "requires": {
                "is-posix-bracket": "^0.1.0"
            }
        },
        "expand-range": {
            "version": "1.8.2",
            "resolved": "https://registry.npmjs.org/expand-range/-/expand-range-1.8.2.tgz",
            "integrity": "sha1-opnv/TNf4nIeuujiV+x5ZE/IUzc=",
            "dev": true,
            "requires": {
                "fill-range": "^2.1.0"
            }
        },
        "extglob": {
            "version": "0.3.2",
            "resolved": "https://registry.npmjs.org/extglob/-/extglob-0.3.2.tgz",
            "integrity": "sha1-Lhj/PS9JqydlzskCPwEdqo2DSaE=",
            "dev": true,
            "requires": {
                "is-extglob": "^1.0.0"
            }
        },
        "filename-regex": {
            "version": "2.0.1",
            "resolved": "https://registry.npmjs.org/filename-regex/-/filename-regex-2.0.1.tgz",
            "integrity": "sha1-wcS5vuPglyXdsQa3XB4wH+LxiyY=",
            "dev": true
        },
        "fill-range": {
            "version": "2.2.4",
            "resolved": "https://registry.npmjs.org/fill-range/-/fill-range-2.2.4.tgz",
            "integrity": "sha512-cnrcCbj01+j2gTG921VZPnHbjmdAf8oQV/iGeV2kZxGSyfYjjTyY79ErsK1WJWMpw6DaApEX72binqJE+/d+5Q==",
            "dev": true,
            "requires": {
                "is-number": "^2.1.0",
                "isobject": "^2.0.0",
                "randomatic": "^3.0.0",
                "repeat-element": "^1.1.2",
                "repeat-string": "^1.5.2"
            }
        },
        "for-in": {
            "version": "1.0.2",
            "resolved": "https://registry.npmjs.org/for-in/-/for-in-1.0.2.tgz",
            "integrity": "sha1-gQaNKVqBQuwKxybG4iAMMPttXoA=",
            "dev": true
        },
        "for-own": {
            "version": "0.1.5",
            "resolved": "https://registry.npmjs.org/for-own/-/for-own-0.1.5.tgz",
            "integrity": "sha1-UmXGgaTylNq78XyVCbZ2OqhFEM4=",
            "dev": true,
            "requires": {
                "for-in": "^1.0.1"
            }
        },
        "glob-base": {
            "version": "0.3.0",
            "resolved": "https://registry.npmjs.org/glob-base/-/glob-base-0.3.0.tgz",
            "integrity": "sha1-27Fk9iIbHAscz4Kuoyi0l98Oo8Q=",
            "dev": true,
            "requires": {
                "glob-parent": "^2.0.0",
                "is-glob": "^2.0.0"
            }
        },
        "glob-parent": {
            "version": "2.0.0",
            "resolved": "https://registry.npmjs.org/glob-parent/-/glob-parent-2.0.0.tgz",
            "integrity": "sha1-gTg9ctsFT8zPUzbaqQLxgvbtuyg=",
            "dev": true,
            "requires": {
                "is-glob": "^2.0.0"
            }
        },
        "is-buffer": {
            "version": "1.1.6",
            "resolved": "https://registry.npmjs.org/is-buffer/-/is-buffer-1.1.6.tgz",
            "integrity": "sha512-NcdALwpXkTm5Zvvbk7owOUSvVvBKDgKP5/ewfXEznmQFfs4ZRmanOeKBTjRVjka3QFoN6XJ+9F3USqfHqTaU5w==",
            "dev": true
        },
        "is-dotfile": {
            "version": "1.0.3",
            "resolved": "https://registry.npmjs.org/is-dotfile/-/is-dotfile-1.0.3.tgz",
            "integrity": "sha1-pqLzL/0t+wT1yiXs0Pa4PPeYoeE=",
            "dev": true
        },
        "is-equal-shallow": {
            "version": "0.1.3",
            "resolved": "https://registry.npmjs.org/is-equal-shallow/-/is-equal-shallow-0.1.3.tgz",
            "integrity": "sha1-IjgJj8Ih3gvPpdnqxMRdY4qhxTQ=",
            "dev": true,
            "requires": {
                "is-primitive": "^2.0.0"
            }
        },
        "is-extendable": {
            "version": "0.1.1",
            "resolved": "https://registry.npmjs.org/is-extendable/-/is-extendable-0.1.1.tgz",
            "integrity": "sha1-YrEQ4omkcUGOPsNqYX1HLjAd/Ik=",
            "dev": true
        },
        "is-extglob": {
            "version": "1.0.0",
            "resolved": "https://registry.npmjs.org/is-extglob/-/is-extglob-1.0.0.tgz",
            "integrity": "sha1-rEaBd8SUNAWgkvyPKXYMb/xiBsA=",
            "dev": true
        },
        "is-glob": {
            "version": "2.0.1",
            "resolved": "https://registry.npmjs.org/is-glob/-/is-glob-2.0.1.tgz",
            "integrity": "sha1-0Jb5JqPe1WAPP9/ZEZjLCIjC2GM=",
            "dev": true,
            "requires": {
                "is-extglob": "^1.0.0"
            }
        },
        "is-module": {
            "version": "1.0.0",
            "resolved": "https://registry.npmjs.org/is-module/-/is-module-1.0.0.tgz",
            "integrity": "sha1-Mlj7afeMFNW4FdZkM2tM/7ZEFZE=",
            "dev": true
        },
        "is-number": {
            "version": "2.1.0",
            "resolved": "https://registry.npmjs.org/is-number/-/is-number-2.1.0.tgz",
            "integrity": "sha1-Afy7s5NGOlSPL0ZszhbezknbkI8=",
            "dev": true,
            "requires": {
                "kind-of": "^3.0.2"
            }
        },
        "is-posix-bracket": {
            "version": "0.1.1",
            "resolved": "https://registry.npmjs.org/is-posix-bracket/-/is-posix-bracket-0.1.1.tgz",
            "integrity": "sha1-MzTceXdDaOkvAW5vvAqI9c1ua8Q=",
            "dev": true
        },
        "is-primitive": {
            "version": "2.0.0",
            "resolved": "https://registry.npmjs.org/is-primitive/-/is-primitive-2.0.0.tgz",
            "integrity": "sha1-IHurkWOEmcB7Kt8kCkGochADRXU=",
            "dev": true
        },
        "isarray": {
            "version": "1.0.0",
            "resolved": "https://registry.npmjs.org/isarray/-/isarray-1.0.0.tgz",
            "integrity": "sha1-u5NdSFgsuhaMBoNJV6VKPgcSTxE=",
            "dev": true
        },
        "isobject": {
            "version": "2.1.0",
            "resolved": "https://registry.npmjs.org/isobject/-/isobject-2.1.0.tgz",
            "integrity": "sha1-8GVWEJaj8dou9GJy+BXIQNh+DIk=",
            "dev": true,
            "requires": {
                "isarray": "1.0.0"
            }
        },
        "jquery": {
            "version": "3.3.1",
            "resolved": "https://registry.npmjs.org/jquery/-/jquery-3.3.1.tgz",
            "integrity": "sha512-Ubldcmxp5np52/ENotGxlLe6aGMvmF4R8S6tZjsP6Knsaxd/xp3Zrh50cG93lR6nPXyUFwzN3ZSOQI0wRJNdGg=="
        },
        "kind-of": {
            "version": "3.2.2",
            "resolved": "https://registry.npmjs.org/kind-of/-/kind-of-3.2.2.tgz",
            "integrity": "sha1-MeohpzS6ubuw8yRm2JOupR5KPGQ=",
            "dev": true,
            "requires": {
                "is-buffer": "^1.1.5"
            }
        },
        "magic-string": {
            "version": "0.22.5",
            "resolved": "https://registry.npmjs.org/magic-string/-/magic-string-0.22.5.tgz",
            "integrity": "sha512-oreip9rJZkzvA8Qzk9HFs8fZGF/u7H/gtrE8EN6RjKJ9kh2HlC+yQ2QezifqTZfGyiuAV0dRv5a+y/8gBb1m9w==",
            "dev": true,
            "requires": {
                "vlq": "^0.2.2"
            }
        },
        "math-random": {
            "version": "1.0.1",
            "resolved": "https://registry.npmjs.org/math-random/-/math-random-1.0.1.tgz",
            "integrity": "sha1-izqsWIuKZuSXXjzepn97sylgH6w=",
            "dev": true
        },
        "micromatch": {
            "version": "2.3.11",
            "resolved": "https://registry.npmjs.org/micromatch/-/micromatch-2.3.11.tgz",
            "integrity": "sha1-hmd8l9FyCzY0MdBNDRUpO9OMFWU=",
            "dev": true,
            "requires": {
                "arr-diff": "^2.0.0",
                "array-unique": "^0.2.1",
                "braces": "^1.8.2",
                "expand-brackets": "^0.1.4",
                "extglob": "^0.3.1",
                "filename-regex": "^2.0.0",
                "is-extglob": "^1.0.0",
                "is-glob": "^2.0.1",
                "kind-of": "^3.0.2",
                "normalize-path": "^2.0.1",
                "object.omit": "^2.0.0",
                "parse-glob": "^3.0.4",
                "regex-cache": "^0.4.2"
            }
        },
        "normalize-path": {
            "version": "2.1.1",
            "resolved": "https://registry.npmjs.org/normalize-path/-/normalize-path-2.1.1.tgz",
            "integrity": "sha1-GrKLVW4Zg2Oowab35vogE3/mrtk=",
            "dev": true,
            "requires": {
                "remove-trailing-separator": "^1.0.1"
            }
        },
        "object.omit": {
            "version": "2.0.1",
            "resolved": "https://registry.npmjs.org/object.omit/-/object.omit-2.0.1.tgz",
            "integrity": "sha1-Gpx0SCnznbuFjHbKNXmuKlTr0fo=",
            "dev": true,
            "requires": {
                "for-own": "^0.1.4",
                "is-extendable": "^0.1.1"
            }
        },
        "parse-glob": {
            "version": "3.0.4",
            "resolved": "https://registry.npmjs.org/parse-glob/-/parse-glob-3.0.4.tgz",
            "integrity": "sha1-ssN2z7EfNVE7rdFz7wu246OIORw=",
            "dev": true,
            "requires": {
                "glob-base": "^0.3.0",
                "is-dotfile": "^1.0.0",
                "is-extglob": "^1.0.0",
                "is-glob": "^2.0.0"
            }
        },
        "path-parse": {
            "version": "1.0.6",
            "resolved": "https://registry.npmjs.org/path-parse/-/path-parse-1.0.6.tgz",
            "integrity": "sha512-GSmOT2EbHrINBf9SR7CDELwlJ8AENk3Qn7OikK4nFYAu3Ote2+JYNVvkpAEQm3/TLNEJFD/xZJjzyxg3KBWOzw==",
            "dev": true
        },
        "preserve": {
            "version": "0.2.0",
            "resolved": "https://registry.npmjs.org/preserve/-/preserve-0.2.0.tgz",
            "integrity": "sha1-gV7R9uvGWSb4ZbMQwHE7yzMVzks=",
            "dev": true
        },
        "randomatic": {
            "version": "3.1.0",
            "resolved": "https://registry.npmjs.org/randomatic/-/randomatic-3.1.0.tgz",
            "integrity": "sha512-KnGPVE0lo2WoXxIZ7cPR8YBpiol4gsSuOwDSg410oHh80ZMp5EiypNqL2K4Z77vJn6lB5rap7IkAmcUlalcnBQ==",
            "dev": true,
            "requires": {
                "is-number": "^4.0.0",
                "kind-of": "^6.0.0",
                "math-random": "^1.0.1"
            },
            "dependencies": {
                "is-number": {
                    "version": "4.0.0",
                    "resolved": "https://registry.npmjs.org/is-number/-/is-number-4.0.0.tgz",
                    "integrity": "sha512-rSklcAIlf1OmFdyAqbnWTLVelsQ58uvZ66S/ZyawjWqIviTWCjg2PzVGw8WUA+nNuPTqb4wgA+NszrJ+08LlgQ==",
                    "dev": true
                },
                "kind-of": {
                    "version": "6.0.2",
                    "resolved": "https://registry.npmjs.org/kind-of/-/kind-of-6.0.2.tgz",
                    "integrity": "sha512-s5kLOcnH0XqDO+FvuaLX8DDjZ18CGFk7VygH40QoKPUQhW4e2rvM0rwUq0t8IQDOwYSeLK01U90OjzBTme2QqA==",
                    "dev": true
                }
            }
        },
        "regex-cache": {
            "version": "0.4.4",
            "resolved": "https://registry.npmjs.org/regex-cache/-/regex-cache-0.4.4.tgz",
            "integrity": "sha512-nVIZwtCjkC9YgvWkpM55B5rBhBYRZhAaJbgcFYXXsHnbZ9UZI9nnVWYZpBlCqv9ho2eZryPnWrZGsOdPwVWXWQ==",
            "dev": true,
            "requires": {
                "is-equal-shallow": "^0.1.3"
            }
        },
        "remove-trailing-separator": {
            "version": "1.1.0",
            "resolved": "https://registry.npmjs.org/remove-trailing-separator/-/remove-trailing-separator-1.1.0.tgz",
            "integrity": "sha1-wkvOKig62tW8P1jg1IJJuSN52O8=",
            "dev": true
        },
        "repeat-element": {
            "version": "1.1.3",
            "resolved": "https://registry.npmjs.org/repeat-element/-/repeat-element-1.1.3.tgz",
            "integrity": "sha512-ahGq0ZnV5m5XtZLMb+vP76kcAM5nkLqk0lpqAuojSKGgQtn4eRi4ZZGm2olo2zKFH+sMsWaqOCW1dqAnOru72g==",
            "dev": true
        },
        "repeat-string": {
            "version": "1.6.1",
            "resolved": "https://registry.npmjs.org/repeat-string/-/repeat-string-1.6.1.tgz",
            "integrity": "sha1-jcrkcOHIirwtYA//Sndihtp15jc=",
            "dev": true
        },
        "resolve": {
            "version": "1.8.1",
            "resolved": "https://registry.npmjs.org/resolve/-/resolve-1.8.1.tgz",
            "integrity": "sha512-AicPrAC7Qu1JxPCZ9ZgCZlY35QgFnNqc+0LtbRNxnVw4TXvjQ72wnuL9JQcEBgXkI9JM8MsT9kaQoHcpCRJOYA==",
            "dev": true,
            "requires": {
                "path-parse": "^1.0.5"
            }
        },
        "rollup": {
            "version": "0.65.0",
            "resolved": "https://registry.npmjs.org/rollup/-/rollup-0.65.0.tgz",
            "integrity": "sha512-en95i7zwW5IiWay6DR/6QV8TxO2LvWuCjHYDcgP96oVG/gPnWWzsxNViObhoJUs17bAj2RgB67WuBuGmysZZcw==",
            "dev": true,
            "requires": {
                "@types/estree": "0.0.39",
                "@types/node": "*"
            }
        },
        "rollup-plugin-commonjs": {
            "version": "9.1.6",
            "resolved": "https://registry.npmjs.org/rollup-plugin-commonjs/-/rollup-plugin-commonjs-9.1.6.tgz",
            "integrity": "sha512-J7GOJm9uzEeLqkVxYSgjyoieh34hATWpa9G2M1ilGzWOLYGfQx5IDQ9ewG8QUj/Z2dzgV+d0/AyloAzElkABAA==",
            "dev": true,
            "requires": {
                "estree-walker": "^0.5.1",
                "magic-string": "^0.22.4",
                "resolve": "^1.5.0",
                "rollup-pluginutils": "^2.0.1"
            }
        },
        "rollup-plugin-node-resolve": {
            "version": "3.3.0",
            "resolved": "https://registry.npmjs.org/rollup-plugin-node-resolve/-/rollup-plugin-node-resolve-3.3.0.tgz",
            "integrity": "sha512-9zHGr3oUJq6G+X0oRMYlzid9fXicBdiydhwGChdyeNRGPcN/majtegApRKHLR5drboUvEWU+QeUmGTyEZQs3WA==",
            "dev": true,
            "requires": {
                "builtin-modules": "^2.0.0",
                "is-module": "^1.0.0",
                "resolve": "^1.1.6"
            }
        },
        "rollup-pluginutils": {
            "version": "2.3.1",
            "resolved": "https://registry.npmjs.org/rollup-pluginutils/-/rollup-pluginutils-2.3.1.tgz",
            "integrity": "sha512-JZS8aJMHEHhqmY2QVPMXwKP6lsD1ShkrcGYjhAIvqKKdXQyPHw/9NF0tl3On/xOJ4ACkxfeG7AF+chfCN1NpBg==",
            "dev": true,
            "requires": {
                "estree-walker": "^0.5.2",
                "micromatch": "^2.3.11"
            }
        },
        "vlq": {
            "version": "0.2.3",
            "resolved": "https://registry.npmjs.org/vlq/-/vlq-0.2.3.tgz",
            "integrity": "sha512-DRibZL6DsNhIgYQ+wNdWDL2SL3bKPlVrRiBqV5yuMm++op8W4kGFtaQfCs4KEJn0wBZcHVHJ3eoywX8983k1ow==",
            "dev": true
        }
    }
}
