{
    "name": "print-this",
    "version": "2.0.0",
    "lockfileVersion": 1,
    "requires": true,
    "dependencies": {
        "jquery": {
            "version": "3.6.4",
            "resolved": "https://registry.npmjs.org/jquery/-/jquery-3.6.4.tgz",
            "integrity": "sha512-v28EW9DWDFpzcD9O5iyJXg3R3+q+mET5JhnjJzQUZMHOv67bpSIHq81GEYpPNZHG+XXHsfSme3nxp/hndKEcsQ=="
        },
        "opencollective-postinstall": {
            "version": "2.0.2",
            "resolved": "https://registry.npmjs.org/opencollective-postinstall/-/opencollective-postinstall-2.0.2.tgz",
            "integrity": "sha512-pVOEP16TrAO2/fjej1IdOyupJY8KDUM1CvsaScRbw6oddvpQoOfGk4ywha0HKKVAD6RkW4x6Q+tNBwhf3Bgpuw=="
        }
    }
}
